{
  "name": "typesafe-typescript-ast",
  "version": "0.1.0",
  "lockfileVersion": 2,
  "requires": true,
  "packages": {
    "": {
      "name": "typesafe-typescript-ast",
      "version": "0.1.0",
      "license": "ISC",
      "dependencies": {
        "pareto-runtime": "^0.10.0"
      },
      "devDependencies": {
        "@types/node": "^16.11.7"
      }
    },
    "node_modules/@types/node": {
      "version": "16.11.7",
      "resolved": "https://registry.npmjs.org/@types/node/-/node-16.11.7.tgz",
      "integrity": "sha512-QB5D2sqfSjCmTuWcBWyJ+/44bcjO7VbjSbOE0ucoVbAsSNQc4Lt6QkgkVXkTDwkL4z/beecZNDvVX15D4P8Jbw==",
      "dev": true
    },
    "node_modules/pareto-runtime": {
      "version": "0.10.0",
      "resolved": "https://registry.npmjs.org/pareto-runtime/-/pareto-runtime-0.10.0.tgz",
      "integrity": "sha512-fTgi60Rz/afzdTAzilulquV9Vxv3wVbotBs3Lx2XqSBCXy4Q82d1DM42CMf2NP4mOng8yez0SgSiIdQxfjwSCw=="
    }
  },
  "dependencies": {
    "@types/node": {
      "version": "16.11.7",
      "resolved": "https://registry.npmjs.org/@types/node/-/node-16.11.7.tgz",
      "integrity": "sha512-QB5D2sqfSjCmTuWcBWyJ+/44bcjO7VbjSbOE0ucoVbAsSNQc4Lt6QkgkVXkTDwkL4z/beecZNDvVX15D4P8Jbw==",
      "dev": true
    },
    "pareto-runtime": {
      "version": "0.10.0",
      "resolved": "https://registry.npmjs.org/pareto-runtime/-/pareto-runtime-0.10.0.tgz",
      "integrity": "sha512-fTgi60Rz/afzdTAzilulquV9Vxv3wVbotBs3Lx2XqSBCXy4Q82d1DM42CMf2NP4mOng8yez0SgSiIdQxfjwSCw=="
    }
  }
}
