{
  "name": "dev",
  "lockfileVersion": 2,
  "requires": true,
  "packages": {
    "": {
      "dependencies": {
        "generate-typesafe-ast": "^0.2.0"
      }
    },
    "node_modules/fountain-pen": {
      "version": "4.2.10",
      "resolved": "https://registry.npmjs.org/fountain-pen/-/fountain-pen-4.2.10.tgz",
      "integrity": "sha512-NvshH0p7hC/9fKq91CnLOJ2KaE9E3+BLS12yTfkKCkwJxCvHtiJh5d5vHA8MV+nPD1dGSMj9Zf/tx3XrbguKYA==",
      "dependencies": {
        "pareto-runtime": "^0.19.0"
      }
    },
    "node_modules/generate-typesafe-ast": {
      "version": "0.2.0",
      "resolved": "https://registry.npmjs.org/generate-typesafe-ast/-/generate-typesafe-ast-0.2.0.tgz",
      "integrity": "sha512-reBy0FNEIGXOA51wdWW93cvm5dalyYB4aJxD+y0YfXWJgU67sGEKTAwgnrxQZDEh2F9aHxjhbC+m6Wt9LqEPvw==",
      "dependencies": {
        "fountain-pen": "^4.2.10",
        "pareto-runtime": "^0.19.0"
      }
    },
    "node_modules/pareto-runtime": {
      "version": "0.19.0",
      "resolved": "https://registry.npmjs.org/pareto-runtime/-/pareto-runtime-0.19.0.tgz",
      "integrity": "sha512-/w2cXi+jUrOFQ4RmEibCNZZUFqHK9zX6UbM6m3mKOfUP/j1drWEE6fLlXGiB6/XutCcNXPcaMEobp3wsyTgRdg=="
    }
  },
  "dependencies": {
    "fountain-pen": {
      "version": "4.2.10",
      "resolved": "https://registry.npmjs.org/fountain-pen/-/fountain-pen-4.2.10.tgz",
      "integrity": "sha512-NvshH0p7hC/9fKq91CnLOJ2KaE9E3+BLS12yTfkKCkwJxCvHtiJh5d5vHA8MV+nPD1dGSMj9Zf/tx3XrbguKYA==",
      "requires": {
        "pareto-runtime": "^0.19.0"
      }
    },
    "generate-typesafe-ast": {
      "version": "0.2.0",
      "resolved": "https://registry.npmjs.org/generate-typesafe-ast/-/generate-typesafe-ast-0.2.0.tgz",
      "integrity": "sha512-reBy0FNEIGXOA51wdWW93cvm5dalyYB4aJxD+y0YfXWJgU67sGEKTAwgnrxQZDEh2F9aHxjhbC+m6Wt9LqEPvw==",
      "requires": {
        "fountain-pen": "^4.2.10",
        "pareto-runtime": "^0.19.0"
      }
    },
    "pareto-runtime": {
      "version": "0.19.0",
      "resolved": "https://registry.npmjs.org/pareto-runtime/-/pareto-runtime-0.19.0.tgz",
      "integrity": "sha512-/w2cXi+jUrOFQ4RmEibCNZZUFqHK9zX6UbM6m3mKOfUP/j1drWEE6fLlXGiB6/XutCcNXPcaMEobp3wsyTgRdg=="
    }
  }
}
