{
  "name": "dev",
  "lockfileVersion": 2,
  "requires": true,
  "packages": {
    "": {
      "dependencies": {
        "generate-typesafe-ast": "^0.3.0",
        "pareto-filesystem": "^0.6.0"
      }
    },
    "node_modules/fountain-pen": {
      "version": "4.2.11",
      "resolved": "https://registry.npmjs.org/fountain-pen/-/fountain-pen-4.2.11.tgz",
      "integrity": "sha512-ymVGiOF/etr5k0UTbdPSh86pvDK5KSXipdgWhWiZ3zelegwZm95AX5TR3JHLHCg2adiI3Mmv+41cNpUht43Ekw==",
      "dependencies": {
        "pareto-runtime": "^0.19.1"
      }
    },
    "node_modules/generate-typesafe-ast": {
      "version": "0.3.0",
      "resolved": "https://registry.npmjs.org/generate-typesafe-ast/-/generate-typesafe-ast-0.3.0.tgz",
      "integrity": "sha512-C4ZiCseMc61+aHFvDKTSrhUii3qRX4HIe5nKgYq5/TC3DO7I0LIFYk6aYfReWpNuOJSKdzzN+Kn2tlSz+X2Mtg==",
      "dependencies": {
        "fountain-pen": "^4.2.11",
        "pareto-runtime": "^0.19.1"
      }
    },
    "node_modules/pareto-filesystem": {
      "version": "0.6.0",
      "resolved": "https://registry.npmjs.org/pareto-filesystem/-/pareto-filesystem-0.6.0.tgz",
      "integrity": "sha512-YpT5O/PiNEi4cw3GqZ2Jotui0P/oaotxuwVbgF9bHGP7aFCNaU9+BPM9k11tAjxU915BUICmFvL167qiVbzTQg==",
      "dependencies": {
        "pareto-runtime": "^0.19.1"
      }
    },
    "node_modules/pareto-runtime": {
      "version": "0.19.1",
      "resolved": "https://registry.npmjs.org/pareto-runtime/-/pareto-runtime-0.19.1.tgz",
      "integrity": "sha512-8uBuwCr/2sJrSef39s1NVOuX5NQen66YSlxgE8mL801a+rXIJxt/8e+PyWyxUHgTcAPTeIUcjTBufS/5fV4hoQ=="
    }
  },
  "dependencies": {
    "fountain-pen": {
      "version": "4.2.11",
      "resolved": "https://registry.npmjs.org/fountain-pen/-/fountain-pen-4.2.11.tgz",
      "integrity": "sha512-ymVGiOF/etr5k0UTbdPSh86pvDK5KSXipdgWhWiZ3zelegwZm95AX5TR3JHLHCg2adiI3Mmv+41cNpUht43Ekw==",
      "requires": {
        "pareto-runtime": "^0.19.1"
      }
    },
    "generate-typesafe-ast": {
      "version": "0.3.0",
      "resolved": "https://registry.npmjs.org/generate-typesafe-ast/-/generate-typesafe-ast-0.3.0.tgz",
      "integrity": "sha512-C4ZiCseMc61+aHFvDKTSrhUii3qRX4HIe5nKgYq5/TC3DO7I0LIFYk6aYfReWpNuOJSKdzzN+Kn2tlSz+X2Mtg==",
      "requires": {
        "fountain-pen": "^4.2.11",
        "pareto-runtime": "^0.19.1"
      }
    },
    "pareto-filesystem": {
      "version": "0.6.0",
      "resolved": "https://registry.npmjs.org/pareto-filesystem/-/pareto-filesystem-0.6.0.tgz",
      "integrity": "sha512-YpT5O/PiNEi4cw3GqZ2Jotui0P/oaotxuwVbgF9bHGP7aFCNaU9+BPM9k11tAjxU915BUICmFvL167qiVbzTQg==",
      "requires": {
        "pareto-runtime": "^0.19.1"
      }
    },
    "pareto-runtime": {
      "version": "0.19.1",
      "resolved": "https://registry.npmjs.org/pareto-runtime/-/pareto-runtime-0.19.1.tgz",
      "integrity": "sha512-8uBuwCr/2sJrSef39s1NVOuX5NQen66YSlxgE8mL801a+rXIJxt/8e+PyWyxUHgTcAPTeIUcjTBufS/5fV4hoQ=="
    }
  }
}
