{
  "name": "dev",
  "lockfileVersion": 2,
  "requires": true,
  "packages": {
    "": {
      "dependencies": {
        "generate-typesafe-ast": "^0.4.0",
        "pareto-filesystem": "^0.7.0"
      }
    },
    "node_modules/fountain-pen": {
      "version": "4.2.11",
      "resolved": "https://registry.npmjs.org/fountain-pen/-/fountain-pen-4.2.11.tgz",
      "integrity": "sha512-ymVGiOF/etr5k0UTbdPSh86pvDK5KSXipdgWhWiZ3zelegwZm95AX5TR3JHLHCg2adiI3Mmv+41cNpUht43Ekw==",
      "dependencies": {
        "pareto-runtime": "^0.19.1"
      }
    },
    "node_modules/generate-typesafe-ast": {
      "version": "0.4.0",
      "resolved": "https://registry.npmjs.org/generate-typesafe-ast/-/generate-typesafe-ast-0.4.0.tgz",
      "integrity": "sha512-RWShpw+aZMKyGjaTP0ztFLsgtUiXbaWztYx5ta2Om7yTKaUxIEXr3bTX0U4BaImvbe8yLf+58w2mEPsIIIUseQ==",
      "dependencies": {
        "fountain-pen": "^4.2.11",
        "pareto-runtime": "^0.19.1"
      }
    },
    "node_modules/pareto-filesystem": {
      "version": "0.7.0",
      "resolved": "https://registry.npmjs.org/pareto-filesystem/-/pareto-filesystem-0.7.0.tgz",
      "integrity": "sha512-Wf2bXcX8/8gDc2j3csxhc23yiRwUYU1mRCUu2NFJz/3NVPCfYKIjah5grQ6AYoYYmMoJjNZcs5oqB4yNP4YP/g==",
      "dependencies": {
        "pareto-runtime": "^0.19.1"
      }
    },
    "node_modules/pareto-runtime": {
      "version": "0.19.1",
      "resolved": "https://registry.npmjs.org/pareto-runtime/-/pareto-runtime-0.19.1.tgz",
      "integrity": "sha512-8uBuwCr/2sJrSef39s1NVOuX5NQen66YSlxgE8mL801a+rXIJxt/8e+PyWyxUHgTcAPTeIUcjTBufS/5fV4hoQ=="
    }
  },
  "dependencies": {
    "fountain-pen": {
      "version": "4.2.11",
      "resolved": "https://registry.npmjs.org/fountain-pen/-/fountain-pen-4.2.11.tgz",
      "integrity": "sha512-ymVGiOF/etr5k0UTbdPSh86pvDK5KSXipdgWhWiZ3zelegwZm95AX5TR3JHLHCg2adiI3Mmv+41cNpUht43Ekw==",
      "requires": {
        "pareto-runtime": "^0.19.1"
      }
    },
    "generate-typesafe-ast": {
      "version": "0.4.0",
      "resolved": "https://registry.npmjs.org/generate-typesafe-ast/-/generate-typesafe-ast-0.4.0.tgz",
      "integrity": "sha512-RWShpw+aZMKyGjaTP0ztFLsgtUiXbaWztYx5ta2Om7yTKaUxIEXr3bTX0U4BaImvbe8yLf+58w2mEPsIIIUseQ==",
      "requires": {
        "fountain-pen": "^4.2.11",
        "pareto-runtime": "^0.19.1"
      }
    },
    "pareto-filesystem": {
      "version": "0.7.0",
      "resolved": "https://registry.npmjs.org/pareto-filesystem/-/pareto-filesystem-0.7.0.tgz",
      "integrity": "sha512-Wf2bXcX8/8gDc2j3csxhc23yiRwUYU1mRCUu2NFJz/3NVPCfYKIjah5grQ6AYoYYmMoJjNZcs5oqB4yNP4YP/g==",
      "requires": {
        "pareto-runtime": "^0.19.1"
      }
    },
    "pareto-runtime": {
      "version": "0.19.1",
      "resolved": "https://registry.npmjs.org/pareto-runtime/-/pareto-runtime-0.19.1.tgz",
      "integrity": "sha512-8uBuwCr/2sJrSef39s1NVOuX5NQen66YSlxgE8mL801a+rXIJxt/8e+PyWyxUHgTcAPTeIUcjTBufS/5fV4hoQ=="
    }
  }
}
