{
  "name": "typesafe-typescript-ast",
  "version": "0.7.0",
  "lockfileVersion": 2,
  "requires": true,
  "packages": {
    "": {
      "name": "typesafe-typescript-ast",
      "version": "0.7.0",
      "license": "ISC",
      "dependencies": {
        "pareto-runtime": "^0.19.1",
        "typescript": "^4.5.5"
      }
    },
    "node_modules/pareto-runtime": {
      "version": "0.19.1",
      "resolved": "https://registry.npmjs.org/pareto-runtime/-/pareto-runtime-0.19.1.tgz",
      "integrity": "sha512-8uBuwCr/2sJrSef39s1NVOuX5NQen66YSlxgE8mL801a+rXIJxt/8e+PyWyxUHgTcAPTeIUcjTBufS/5fV4hoQ=="
    },
    "node_modules/typescript": {
      "version": "4.5.5",
      "resolved": "https://registry.npmjs.org/typescript/-/typescript-4.5.5.tgz",
      "integrity": "sha512-TCTIul70LyWe6IJWT8QSYeA54WQe8EjQFU4wY52Fasj5UKx88LNYKCgBEHcOMOrFF1rKGbD8v/xcNWVUq9SymA==",
      "bin": {
        "tsc": "bin/tsc",
        "tsserver": "bin/tsserver"
      },
      "engines": {
        "node": ">=4.2.0"
      }
    }
  },
  "dependencies": {
    "pareto-runtime": {
      "version": "0.19.1",
      "resolved": "https://registry.npmjs.org/pareto-runtime/-/pareto-runtime-0.19.1.tgz",
      "integrity": "sha512-8uBuwCr/2sJrSef39s1NVOuX5NQen66YSlxgE8mL801a+rXIJxt/8e+PyWyxUHgTcAPTeIUcjTBufS/5fV4hoQ=="
    },
    "typescript": {
      "version": "4.5.5",
      "resolved": "https://registry.npmjs.org/typescript/-/typescript-4.5.5.tgz",
      "integrity": "sha512-TCTIul70LyWe6IJWT8QSYeA54WQe8EjQFU4wY52Fasj5UKx88LNYKCgBEHcOMOrFF1rKGbD8v/xcNWVUq9SymA=="
    }
  }
}
